
Microsoft Visual Studio Solution File, Format Version 12.00
# Visual Studio 2013
VisualStudioVersion = 12.0.31101.0
MinimumVisualStudioVersion = 10.0.40219.1
Project("{FAE04EC0-301F-11D3-BF4B-00C04F79EFBC}") = "ion", "ion\ion.csproj", "{BA3327E5-9AB2-43F3-81E9-BCC71A281A61}"
EndProject
Global
	GlobalSection(SolutionConfigurationPlatforms) = preSolution
		Debug|Any CPU = Debug|Any CPU
		Release|Any CPU = Release|Any CPU
	EndGlobalSection
	GlobalSection(ProjectConfigurationPlatforms) = postSolution
		{BA3327E5-9AB2-43F3-81E9-BCC71A281A61}.Debug|Any CPU.ActiveCfg = Debug|Any CPU
		{BA3327E5-9AB2-43F3-81E9-BCC71A281A61}.Debug|Any CPU.Build.0 = Debug|Any CPU
		{BA3327E5-9AB2-43F3-81E9-BCC71A281A61}.Release|Any CPU.ActiveCfg = Release|Any CPU
		{BA3327E5-9AB2-43F3-81E9-BCC71A281A61}.Release|Any CPU.Build.0 = Release|Any CPU
	EndGlobalSection
	GlobalSection(SolutionProperties) = preSolution
		HideSolutionNode = FALSE
	EndGlobalSection
EndGlobal
